
Microsoft Visual Studio Solution File, Format Version 12.00
# Visual Studio Version 17
VisualStudioVersion = 17.6.33723.286
MinimumVisualStudioVersion = 10.0.40219.1
Project("{FAE04EC0-301F-11D3-BF4B-00C04F79EFBC}") = "WindowsService1", "WindowsService1\WindowsService1.csproj", "{23E8017A-9E81-41A4-990C-A5754AE269DF}"
EndProject
Project("{8BC9CEB8-8B4A-11D0-8D11-00A0C91BC942}") = "WinCap", "WinCap\WinCap.vcxproj", "{33549003-2B62-4BA6-956F-92A7672DC22E}"
EndProject
Project("{8BC9CEB8-8B4A-11D0-8D11-00A0C91BC942}") = "BringBitmap", "BringBitmap\BringBitmap.vcxproj", "{A263E024-CBFF-4B24-AC44-3A6D2AB1D1FC}"
EndProject
Project("{FAE04EC0-301F-11D3-BF4B-00C04F79EFBC}") = "TESTCROSSBITMAPCS", "TESTCROSSBITMAPCS\TESTCROSSBITMAPCS.csproj", "{713DA584-FBC7-496D-A727-B327E0DBB25F}"
EndProject
Project("{B7DD6F7E-DEF8-4E67-B5B7-07EF123DB6F0}") = "WTI-Installer1", "WTI-Installer1\WTI-Installer1.wixproj", "{E5F8DA14-77ED-42D0-9A13-DB82979EB254}"
	ProjectSection(ProjectDependencies) = postProject
		{23E8017A-9E81-41A4-990C-A5754AE269DF} = {23E8017A-9E81-41A4-990C-A5754AE269DF}
		{3099ECB0-3148-4E6A-86C6-3880532B5902} = {3099ECB0-3148-4E6A-86C6-3880532B5902}
		{33549003-2B62-4BA6-956F-92A7672DC22E} = {33549003-2B62-4BA6-956F-92A7672DC22E}
		{713DA584-FBC7-496D-A727-B327E0DBB25F} = {713DA584-FBC7-496D-A727-B327E0DBB25F}
		{A263E024-CBFF-4B24-AC44-3A6D2AB1D1FC} = {A263E024-CBFF-4B24-AC44-3A6D2AB1D1FC}
	EndProjectSection
EndProject
Project("{FAE04EC0-301F-11D3-BF4B-00C04F79EFBC}") = "UserOps", "UserOps\UserOps.csproj", "{3099ECB0-3148-4E6A-86C6-3880532B5902}"
EndProject
Global
	GlobalSection(SolutionConfigurationPlatforms) = preSolution
		Debug|Any CPU = Debug|Any CPU
		Debug|ARM64 = Debug|ARM64
		Debug|x64 = Debug|x64
		Debug|x86 = Debug|x86
		Release|Any CPU = Release|Any CPU
		Release|ARM64 = Release|ARM64
		Release|x64 = Release|x64
		Release|x86 = Release|x86
	EndGlobalSection
	GlobalSection(ProjectConfigurationPlatforms) = postSolution
		{23E8017A-9E81-41A4-990C-A5754AE269DF}.Debug|Any CPU.ActiveCfg = Debug|Any CPU
		{23E8017A-9E81-41A4-990C-A5754AE269DF}.Debug|Any CPU.Build.0 = Debug|Any CPU
		{23E8017A-9E81-41A4-990C-A5754AE269DF}.Debug|ARM64.ActiveCfg = Debug|Any CPU
		{23E8017A-9E81-41A4-990C-A5754AE269DF}.Debug|ARM64.Build.0 = Debug|Any CPU
		{23E8017A-9E81-41A4-990C-A5754AE269DF}.Debug|x64.ActiveCfg = Debug|Any CPU
		{23E8017A-9E81-41A4-990C-A5754AE269DF}.Debug|x64.Build.0 = Debug|Any CPU
		{23E8017A-9E81-41A4-990C-A5754AE269DF}.Debug|x86.ActiveCfg = Debug|Any CPU
		{23E8017A-9E81-41A4-990C-A5754AE269DF}.Debug|x86.Build.0 = Debug|Any CPU
		{23E8017A-9E81-41A4-990C-A5754AE269DF}.Release|Any CPU.ActiveCfg = Release|Any CPU
		{23E8017A-9E81-41A4-990C-A5754AE269DF}.Release|Any CPU.Build.0 = Release|Any CPU
		{23E8017A-9E81-41A4-990C-A5754AE269DF}.Release|ARM64.ActiveCfg = Release|Any CPU
		{23E8017A-9E81-41A4-990C-A5754AE269DF}.Release|ARM64.Build.0 = Release|Any CPU
		{23E8017A-9E81-41A4-990C-A5754AE269DF}.Release|x64.ActiveCfg = Release|Any CPU
		{23E8017A-9E81-41A4-990C-A5754AE269DF}.Release|x64.Build.0 = Release|Any CPU
		{23E8017A-9E81-41A4-990C-A5754AE269DF}.Release|x86.ActiveCfg = Release|Any CPU
		{23E8017A-9E81-41A4-990C-A5754AE269DF}.Release|x86.Build.0 = Release|Any CPU
		{33549003-2B62-4BA6-956F-92A7672DC22E}.Debug|Any CPU.ActiveCfg = Debug|x64
		{33549003-2B62-4BA6-956F-92A7672DC22E}.Debug|Any CPU.Build.0 = Debug|x64
		{33549003-2B62-4BA6-956F-92A7672DC22E}.Debug|ARM64.ActiveCfg = Debug|x64
		{33549003-2B62-4BA6-956F-92A7672DC22E}.Debug|ARM64.Build.0 = Debug|x64
		{33549003-2B62-4BA6-956F-92A7672DC22E}.Debug|x64.ActiveCfg = Debug|x64
		{33549003-2B62-4BA6-956F-92A7672DC22E}.Debug|x64.Build.0 = Debug|x64
		{33549003-2B62-4BA6-956F-92A7672DC22E}.Debug|x86.ActiveCfg = Debug|Win32
		{33549003-2B62-4BA6-956F-92A7672DC22E}.Debug|x86.Build.0 = Debug|Win32
		{33549003-2B62-4BA6-956F-92A7672DC22E}.Release|Any CPU.ActiveCfg = Release|x64
		{33549003-2B62-4BA6-956F-92A7672DC22E}.Release|Any CPU.Build.0 = Release|x64
		{33549003-2B62-4BA6-956F-92A7672DC22E}.Release|ARM64.ActiveCfg = Release|x64
		{33549003-2B62-4BA6-956F-92A7672DC22E}.Release|ARM64.Build.0 = Release|x64
		{33549003-2B62-4BA6-956F-92A7672DC22E}.Release|x64.ActiveCfg = Release|x64
		{33549003-2B62-4BA6-956F-92A7672DC22E}.Release|x64.Build.0 = Release|x64
		{33549003-2B62-4BA6-956F-92A7672DC22E}.Release|x86.ActiveCfg = Release|Win32
		{33549003-2B62-4BA6-956F-92A7672DC22E}.Release|x86.Build.0 = Release|Win32
		{A263E024-CBFF-4B24-AC44-3A6D2AB1D1FC}.Debug|Any CPU.ActiveCfg = Debug|x64
		{A263E024-CBFF-4B24-AC44-3A6D2AB1D1FC}.Debug|Any CPU.Build.0 = Debug|x64
		{A263E024-CBFF-4B24-AC44-3A6D2AB1D1FC}.Debug|ARM64.ActiveCfg = Debug|x64
		{A263E024-CBFF-4B24-AC44-3A6D2AB1D1FC}.Debug|ARM64.Build.0 = Debug|x64
		{A263E024-CBFF-4B24-AC44-3A6D2AB1D1FC}.Debug|x64.ActiveCfg = Debug|x64
		{A263E024-CBFF-4B24-AC44-3A6D2AB1D1FC}.Debug|x64.Build.0 = Debug|x64
		{A263E024-CBFF-4B24-AC44-3A6D2AB1D1FC}.Debug|x86.ActiveCfg = Debug|Win32
		{A263E024-CBFF-4B24-AC44-3A6D2AB1D1FC}.Debug|x86.Build.0 = Debug|Win32
		{A263E024-CBFF-4B24-AC44-3A6D2AB1D1FC}.Release|Any CPU.ActiveCfg = Release|x64
		{A263E024-CBFF-4B24-AC44-3A6D2AB1D1FC}.Release|Any CPU.Build.0 = Release|x64
		{A263E024-CBFF-4B24-AC44-3A6D2AB1D1FC}.Release|ARM64.ActiveCfg = Release|x64
		{A263E024-CBFF-4B24-AC44-3A6D2AB1D1FC}.Release|ARM64.Build.0 = Release|x64
		{A263E024-CBFF-4B24-AC44-3A6D2AB1D1FC}.Release|x64.ActiveCfg = Release|x64
		{A263E024-CBFF-4B24-AC44-3A6D2AB1D1FC}.Release|x64.Build.0 = Release|x64
		{A263E024-CBFF-4B24-AC44-3A6D2AB1D1FC}.Release|x86.ActiveCfg = Release|Win32
		{A263E024-CBFF-4B24-AC44-3A6D2AB1D1FC}.Release|x86.Build.0 = Release|Win32
		{713DA584-FBC7-496D-A727-B327E0DBB25F}.Debug|Any CPU.ActiveCfg = Debug|Any CPU
		{713DA584-FBC7-496D-A727-B327E0DBB25F}.Debug|Any CPU.Build.0 = Debug|Any CPU
		{713DA584-FBC7-496D-A727-B327E0DBB25F}.Debug|ARM64.ActiveCfg = Debug|Any CPU
		{713DA584-FBC7-496D-A727-B327E0DBB25F}.Debug|ARM64.Build.0 = Debug|Any CPU
		{713DA584-FBC7-496D-A727-B327E0DBB25F}.Debug|x64.ActiveCfg = Debug|Any CPU
		{713DA584-FBC7-496D-A727-B327E0DBB25F}.Debug|x64.Build.0 = Debug|Any CPU
		{713DA584-FBC7-496D-A727-B327E0DBB25F}.Debug|x86.ActiveCfg = Debug|Any CPU
		{713DA584-FBC7-496D-A727-B327E0DBB25F}.Debug|x86.Build.0 = Debug|Any CPU
		{713DA584-FBC7-496D-A727-B327E0DBB25F}.Release|Any CPU.ActiveCfg = Release|Any CPU
		{713DA584-FBC7-496D-A727-B327E0DBB25F}.Release|Any CPU.Build.0 = Release|Any CPU
		{713DA584-FBC7-496D-A727-B327E0DBB25F}.Release|ARM64.ActiveCfg = Release|Any CPU
		{713DA584-FBC7-496D-A727-B327E0DBB25F}.Release|ARM64.Build.0 = Release|Any CPU
		{713DA584-FBC7-496D-A727-B327E0DBB25F}.Release|x64.ActiveCfg = Release|Any CPU
		{713DA584-FBC7-496D-A727-B327E0DBB25F}.Release|x64.Build.0 = Release|Any CPU
		{713DA584-FBC7-496D-A727-B327E0DBB25F}.Release|x86.ActiveCfg = Release|Any CPU
		{713DA584-FBC7-496D-A727-B327E0DBB25F}.Release|x86.Build.0 = Release|Any CPU
		{E5F8DA14-77ED-42D0-9A13-DB82979EB254}.Debug|Any CPU.ActiveCfg = Debug|x64
		{E5F8DA14-77ED-42D0-9A13-DB82979EB254}.Debug|Any CPU.Build.0 = Debug|x64
		{E5F8DA14-77ED-42D0-9A13-DB82979EB254}.Debug|ARM64.ActiveCfg = Debug|ARM64
		{E5F8DA14-77ED-42D0-9A13-DB82979EB254}.Debug|ARM64.Build.0 = Debug|ARM64
		{E5F8DA14-77ED-42D0-9A13-DB82979EB254}.Debug|x64.ActiveCfg = Debug|x64
		{E5F8DA14-77ED-42D0-9A13-DB82979EB254}.Debug|x64.Build.0 = Debug|x64
		{E5F8DA14-77ED-42D0-9A13-DB82979EB254}.Debug|x86.ActiveCfg = Debug|x86
		{E5F8DA14-77ED-42D0-9A13-DB82979EB254}.Debug|x86.Build.0 = Debug|x86
		{E5F8DA14-77ED-42D0-9A13-DB82979EB254}.Release|Any CPU.ActiveCfg = Release|x64
		{E5F8DA14-77ED-42D0-9A13-DB82979EB254}.Release|Any CPU.Build.0 = Release|x64
		{E5F8DA14-77ED-42D0-9A13-DB82979EB254}.Release|ARM64.ActiveCfg = Release|ARM64
		{E5F8DA14-77ED-42D0-9A13-DB82979EB254}.Release|ARM64.Build.0 = Release|ARM64
		{E5F8DA14-77ED-42D0-9A13-DB82979EB254}.Release|x64.ActiveCfg = Release|x64
		{E5F8DA14-77ED-42D0-9A13-DB82979EB254}.Release|x64.Build.0 = Release|x64
		{E5F8DA14-77ED-42D0-9A13-DB82979EB254}.Release|x86.ActiveCfg = Release|x86
		{E5F8DA14-77ED-42D0-9A13-DB82979EB254}.Release|x86.Build.0 = Release|x86
		{3099ECB0-3148-4E6A-86C6-3880532B5902}.Debug|Any CPU.ActiveCfg = Debug|Any CPU
		{3099ECB0-3148-4E6A-86C6-3880532B5902}.Debug|Any CPU.Build.0 = Debug|Any CPU
		{3099ECB0-3148-4E6A-86C6-3880532B5902}.Debug|ARM64.ActiveCfg = Debug|Any CPU
		{3099ECB0-3148-4E6A-86C6-3880532B5902}.Debug|ARM64.Build.0 = Debug|Any CPU
		{3099ECB0-3148-4E6A-86C6-3880532B5902}.Debug|x64.ActiveCfg = Debug|Any CPU
		{3099ECB0-3148-4E6A-86C6-3880532B5902}.Debug|x64.Build.0 = Debug|Any CPU
		{3099ECB0-3148-4E6A-86C6-3880532B5902}.Debug|x86.ActiveCfg = Debug|Any CPU
		{3099ECB0-3148-4E6A-86C6-3880532B5902}.Debug|x86.Build.0 = Debug|Any CPU
		{3099ECB0-3148-4E6A-86C6-3880532B5902}.Release|Any CPU.ActiveCfg = Release|Any CPU
		{3099ECB0-3148-4E6A-86C6-3880532B5902}.Release|Any CPU.Build.0 = Release|Any CPU
		{3099ECB0-3148-4E6A-86C6-3880532B5902}.Release|ARM64.ActiveCfg = Release|Any CPU
		{3099ECB0-3148-4E6A-86C6-3880532B5902}.Release|ARM64.Build.0 = Release|Any CPU
		{3099ECB0-3148-4E6A-86C6-3880532B5902}.Release|x64.ActiveCfg = Release|Any CPU
		{3099ECB0-3148-4E6A-86C6-3880532B5902}.Release|x64.Build.0 = Release|Any CPU
		{3099ECB0-3148-4E6A-86C6-3880532B5902}.Release|x86.ActiveCfg = Release|Any CPU
		{3099ECB0-3148-4E6A-86C6-3880532B5902}.Release|x86.Build.0 = Release|Any CPU
	EndGlobalSection
	GlobalSection(SolutionProperties) = preSolution
		HideSolutionNode = FALSE
	EndGlobalSection
	GlobalSection(ExtensibilityGlobals) = postSolution
		SolutionGuid = {4EE87170-DF75-4C62-9F18-E6CA92B76FA6}
	EndGlobalSection
EndGlobal
